{
  "version": 4,
  "terraform_version": "1.12.2",
  "serial": 28,
  "lineage": "d0ae22ba-c129-f7e1-5c5e-b199a4b70a44",
  "outputs": {
    "ecs_public_ip": {
      "value": "119.8.162.240",
      "type": "string"
    }
  },
  "resources": [
    {
      "mode": "managed",
      "type": "huaweicloud_compute_instance",
      "name": "ecs",
      "provider": "provider[\"registry.terraform.io/huaweicloud/huaweicloud\"]",
      "instances": [
        {
          "schema_version": 0,
          "attributes": {
            "access_ip_v4": "192.168.10.225",
            "access_ip_v6": "",
            "admin_pass": null,
            "agency_name": "",
            "agent_list": "",
            "auto_pay": null,
            "auto_renew": null,
            "availability_zone": "ap-southeast-3a",
            "bandwidth": [],
            "block_device": [],
            "charging_mode": "postPaid",
            "created_at": "2025-07-30T07:00:34Z",
            "data_disks": [],
            "delete_disks_on_termination": null,
            "delete_eip_on_termination": true,
            "eip_id": "e1894020-22e2-46b0-97c0-8c4d5c822ab0",
            "eip_type": null,
            "enterprise_project_id": "0",
            "flavor_id": "s6.small.1",
            "flavor_name": "s6.small.1",
            "id": "a524d5c2-1b84-4da8-8cff-675aff53e2f6",
            "image_id": "1228013a-31dd-4a42-97ac-6e595a80302a",
            "image_name": "Ubuntu 20.04 server 64bit",
            "key_pair": "my-keypair",
            "metadata": null,
            "name": "my-ecs",
            "network": [
              {
                "access_network": false,
                "fixed_ip_v4": "192.168.10.225",
                "fixed_ip_v6": "",
                "ipv6_enable": false,
                "mac": "fa:16:3e:18:7a:51",
                "port": "75310ab1-5dcd-4510-85c1-88dc00acd181",
                "source_dest_check": true,
                "uuid": "77ec673c-8c8b-4cad-be57-d74f5b711b7a"
              }
            ],
            "period": null,
            "period_unit": null,
            "power_action": null,
            "private_key": null,
            "public_ip": "119.8.162.240",
            "region": "ap-southeast-3",
            "scheduler_hints": [],
            "security_group_ids": [
              "eb4f3616-6ab7-493f-a5db-e054b2f80f39"
            ],
            "security_groups": [
              "allow-ssh-icmp"
            ],
            "spot_duration": null,
            "spot_duration_count": null,
            "spot_maximum_price": null,
            "status": "ACTIVE",
            "stop_before_destroy": false,
            "system_disk_id": "463bf43b-2c6d-4374-8db3-487463b15619",
            "system_disk_size": 10,
            "system_disk_type": "GPSSD",
            "tags": null,
            "timeouts": null,
            "updated_at": "2025-07-30T07:00:56Z",
            "user_data": null,
            "user_id": null,
            "volume_attached": [
              {
                "boot_index": 0,
                "pci_address": "0000:02:01.0",
                "size": 10,
                "type": "GPSSD",
                "volume_id": "463bf43b-2c6d-4374-8db3-487463b15619"
              }
            ]
          },
          "sensitive_attributes": [
            [
              {
                "type": "get_attr",
                "value": "admin_pass"
              }
            ],
            [
              {
                "type": "get_attr",
                "value": "private_key"
              }
            ]
          ],
          "identity_schema_version": 0,
          "private": "eyJlMmJmYjczMC1lY2FhLTExZTYtOGY4OC0zNDM2M2JjN2M0YzAiOnsiY3JlYXRlIjoxODAwMDAwMDAwMDAwLCJkZWxldGUiOjE4MDAwMDAwMDAwMDAsInVwZGF0ZSI6MTgwMDAwMDAwMDAwMH19",
          "dependencies": [
            "huaweicloud_compute_keypair.keypair",
            "huaweicloud_networking_secgroup.sg",
            "huaweicloud_vpc.vpc",
            "huaweicloud_vpc_eip.eip",
            "huaweicloud_vpc_subnet.subnet"
          ]
        }
      ]
    },
    {
      "mode": "managed",
      "type": "huaweicloud_compute_keypair",
      "name": "keypair",
      "provider": "provider[\"registry.terraform.io/huaweicloud/huaweicloud\"]",
      "instances": [
        {
          "schema_version": 0,
          "attributes": {
            "id": "my-keypair",
            "key_file": "my-keypair.pem",
            "name": "my-keypair",
            "public_key": "ssh-rsa AAAAB3NzaC1yc2EAAAADAQABAAABgQDHAqoncqzSr4IL6iQeeJvxZLfylM1QWFx9iH7V6izEzqrBo9kge/3iIixZOrlf56Bv12vGaBTqEU4Xvha+llZh+b/Kz4jZxr0by7B3STrnbYQ3EggPqJfoZPNhSm/yNDuQk28wYT6T9eyxfbKgkvfqjb3q65ZaApz1dgJK41RnRK1xBxT9+Y2aOmhjGyDexWPScX/k7Pso27RQA0P0G32ihQgwEX8iRnO8nVODu55w34HWHoxgWkZIHbA+Xb7tMEoK9Ov2rnpAriGhCQggNRmVt6IU4ymgz+uKTCERXnNb1M3UkwspVZ9oAZG1oNmfcdx5fOe1Wz9ph9fBWl89IbPwD007l2cOf5uq2pX1LzU5K+uLCPjKFEieF9bSvYJ8AVzYuaWBl++ee5sdpbmbh2ttzMVof56kxLSD3n0xa3Q5sACbfHIiCX9BRySkNthB4Wzlua9zzPhaNqeB3zoTuY7Tce2BaRFstkQR3fp4af8/KuoLQhkNhh/BUlduy4qL2S0= Generated-by-Nova\n",
            "region": "ap-southeast-3"
          },
          "sensitive_attributes": [],
          "identity_schema_version": 0,
          "private": "bnVsbA=="
        }
      ]
    },
    {
      "mode": "managed",
      "type": "huaweicloud_networking_secgroup",
      "name": "sg",
      "provider": "provider[\"registry.terraform.io/huaweicloud/huaweicloud\"]",
      "instances": [
        {
          "schema_version": 0,
          "attributes": {
            "created_at": "2025-07-30T07:00:15Z",
            "delete_default_rules": null,
            "description": "Allow SSH and ICMP",
            "enterprise_project_id": "0",
            "id": "eb4f3616-6ab7-493f-a5db-e054b2f80f39",
            "name": "allow-ssh-icmp",
            "region": "ap-southeast-3",
            "rules": [
              {
                "action": "allow",
                "description": "",
                "direction": "egress",
                "ethertype": "IPv4",
                "id": "1a45c30c-08c9-455e-b940-62c3feed87cf",
                "port_range_max": 0,
                "port_range_min": 0,
                "ports": "",
                "priority": 100,
                "protocol": "",
                "remote_address_group_id": "",
                "remote_group_id": "",
                "remote_ip_prefix": ""
              },
              {
                "action": "allow",
                "description": "",
                "direction": "ingress",
                "ethertype": "IPv4",
                "id": "56ec5e97-d661-411a-b8b9-6d36138c084c",
                "port_range_max": 0,
                "port_range_min": 0,
                "ports": "",
                "priority": 100,
                "protocol": "",
                "remote_address_group_id": "",
                "remote_group_id": "eb4f3616-6ab7-493f-a5db-e054b2f80f39",
                "remote_ip_prefix": ""
              },
              {
                "action": "allow",
                "description": "",
                "direction": "egress",
                "ethertype": "IPv6",
                "id": "793a04b7-b499-4445-aff6-f0a89f8f106e",
                "port_range_max": 0,
                "port_range_min": 0,
                "ports": "",
                "priority": 100,
                "protocol": "",
                "remote_address_group_id": "",
                "remote_group_id": "",
                "remote_ip_prefix": ""
              },
              {
                "action": "allow",
                "description": "",
                "direction": "ingress",
                "ethertype": "IPv6",
                "id": "7bbeab72-9960-46b3-964a-c0f009894890",
                "port_range_max": 0,
                "port_range_min": 0,
                "ports": "",
                "priority": 100,
                "protocol": "",
                "remote_address_group_id": "",
                "remote_group_id": "eb4f3616-6ab7-493f-a5db-e054b2f80f39",
                "remote_ip_prefix": ""
              }
            ],
            "timeouts": null,
            "updated_at": "2025-07-30T07:00:15Z"
          },
          "sensitive_attributes": [],
          "identity_schema_version": 0,
          "private": "eyJlMmJmYjczMC1lY2FhLTExZTYtOGY4OC0zNDM2M2JjN2M0YzAiOnsiZGVsZXRlIjo2MDAwMDAwMDAwMDB9fQ=="
        }
      ]
    },
    {
      "mode": "managed",
      "type": "huaweicloud_networking_secgroup_rule",
      "name": "icmp",
      "provider": "provider[\"registry.terraform.io/huaweicloud/huaweicloud\"]",
      "instances": [
        {
          "schema_version": 0,
          "attributes": {
            "action": "allow",
            "description": "",
            "direction": "ingress",
            "ethertype": "IPv4",
            "id": "3e05f9f6-a4c3-485b-844e-db567da222ea",
            "port_range_max": 0,
            "port_range_min": 0,
            "ports": "",
            "priority": 1,
            "protocol": "icmp",
            "region": "ap-southeast-3",
            "remote_address_group_id": "",
            "remote_group_id": "",
            "remote_ip_prefix": "0.0.0.0/0",
            "security_group_id": "eb4f3616-6ab7-493f-a5db-e054b2f80f39",
            "timeouts": null
          },
          "sensitive_attributes": [],
          "identity_schema_version": 0,
          "private": "eyJlMmJmYjczMC1lY2FhLTExZTYtOGY4OC0zNDM2M2JjN2M0YzAiOnsiZGVsZXRlIjo2MDAwMDAwMDAwMDB9fQ==",
          "dependencies": [
            "huaweicloud_networking_secgroup.sg"
          ]
        }
      ]
    },
    {
      "mode": "managed",
      "type": "huaweicloud_networking_secgroup_rule",
      "name": "ssh",
      "provider": "provider[\"registry.terraform.io/huaweicloud/huaweicloud\"]",
      "instances": [
        {
          "schema_version": 0,
          "attributes": {
            "action": "allow",
            "description": "",
            "direction": "ingress",
            "ethertype": "IPv4",
            "id": "4f1a3ac7-ff85-469d-b1c8-b91987f46304",
            "port_range_max": 22,
            "port_range_min": 22,
            "ports": "22",
            "priority": 1,
            "protocol": "tcp",
            "region": "ap-southeast-3",
            "remote_address_group_id": "",
            "remote_group_id": "",
            "remote_ip_prefix": "0.0.0.0/0",
            "security_group_id": "eb4f3616-6ab7-493f-a5db-e054b2f80f39",
            "timeouts": null
          },
          "sensitive_attributes": [],
          "identity_schema_version": 0,
          "private": "eyJlMmJmYjczMC1lY2FhLTExZTYtOGY4OC0zNDM2M2JjN2M0YzAiOnsiZGVsZXRlIjo2MDAwMDAwMDAwMDB9fQ==",
          "dependencies": [
            "huaweicloud_networking_secgroup.sg"
          ]
        }
      ]
    },
    {
      "mode": "managed",
      "type": "huaweicloud_vpc",
      "name": "vpc",
      "provider": "provider[\"registry.terraform.io/huaweicloud/huaweicloud\"]",
      "instances": [
        {
          "schema_version": 0,
          "attributes": {
            "cidr": "192.168.0.0/16",
            "description": "",
            "enterprise_project_id": "0",
            "id": "d0f40c34-ebf5-4574-b415-0cfcc2f45370",
            "name": "my-vpc",
            "region": "ap-southeast-3",
            "routes": [],
            "secondary_cidr": null,
            "status": "OK",
            "tags": null,
            "timeouts": null
          },
          "sensitive_attributes": [],
          "identity_schema_version": 0,
          "private": "eyJlMmJmYjczMC1lY2FhLTExZTYtOGY4OC0zNDM2M2JjN2M0YzAiOnsiY3JlYXRlIjo2MDAwMDAwMDAwMDAsImRlbGV0ZSI6MTgwMDAwMDAwMDAwfX0="
        }
      ]
    },
    {
      "mode": "managed",
      "type": "huaweicloud_vpc_eip",
      "name": "eip",
      "provider": "provider[\"registry.terraform.io/huaweicloud/huaweicloud\"]",
      "instances": [
        {
          "schema_version": 0,
          "attributes": {
            "address": "119.8.162.240",
            "auto_pay": null,
            "auto_renew": null,
            "bandwidth": [
              {
                "charge_mode": "traffic",
                "id": "21cd746c-13b3-4902-aa3c-165317df227e",
                "name": "ecs-bandwidth",
                "share_type": "PER",
                "size": 5
              }
            ],
            "charging_mode": null,
            "enterprise_project_id": "0",
            "id": "e1894020-22e2-46b0-97c0-8c4d5c822ab0",
            "ipv6_address": "",
            "name": "",
            "period": null,
            "period_unit": null,
            "port_id": "",
            "private_ip": "",
            "publicip": [
              {
                "ip_address": "119.8.162.240",
                "ip_version": 4,
                "port_id": "",
                "type": "5_bgp"
              }
            ],
            "region": "ap-southeast-3",
            "status": "UNBOUND",
            "tags": null,
            "timeouts": null
          },
          "sensitive_attributes": [],
          "identity_schema_version": 0,
          "private": "eyJlMmJmYjczMC1lY2FhLTExZTYtOGY4OC0zNDM2M2JjN2M0YzAiOnsiY3JlYXRlIjo2MDAwMDAwMDAwMDAsImRlbGV0ZSI6MzAwMDAwMDAwMDAwLCJ1cGRhdGUiOjMwMDAwMDAwMDAwMH19"
        }
      ]
    },
    {
      "mode": "managed",
      "type": "huaweicloud_vpc_subnet",
      "name": "subnet",
      "provider": "provider[\"registry.terraform.io/huaweicloud/huaweicloud\"]",
      "instances": [
        {
          "schema_version": 0,
          "attributes": {
            "availability_zone": "ap-southeast-3a",
            "cidr": "192.168.10.0/24",
            "description": "",
            "dhcp_enable": true,
            "dns_list": [
              "8.8.8.8",
              "8.8.4.4"
            ],
            "gateway_ip": "192.168.10.1",
            "id": "77ec673c-8c8b-4cad-be57-d74f5b711b7a",
            "ipv4_subnet_id": "cdf21294-70c8-400f-83b7-51f9fa3f7406",
            "ipv6_cidr": "",
            "ipv6_enable": false,
            "ipv6_gateway": "",
            "ipv6_subnet_id": "",
            "name": "my-subnet",
            "primary_dns": "8.8.8.8",
            "region": "ap-southeast-3",
            "secondary_dns": "8.8.4.4",
            "subnet_id": "cdf21294-70c8-400f-83b7-51f9fa3f7406",
            "tags": null,
            "timeouts": null,
            "vpc_id": "d0f40c34-ebf5-4574-b415-0cfcc2f45370"
          },
          "sensitive_attributes": [],
          "identity_schema_version": 0,
          "private": "eyJlMmJmYjczMC1lY2FhLTExZTYtOGY4OC0zNDM2M2JjN2M0YzAiOnsiY3JlYXRlIjozMDAwMDAwMDAwMDAsImRlbGV0ZSI6MzAwMDAwMDAwMDAwfX0=",
          "dependencies": [
            "huaweicloud_vpc.vpc"
          ]
        }
      ]
    }
  ],
  "check_results": null
}
